
Microsoft Visual Studio Solution File, Format Version 12.00
# Visual Studio Version 17
VisualStudioVersion = 17.8.34309.116
MinimumVisualStudioVersion = 10.0.40219.1
Project("{FAE04EC0-301F-11D3-BF4B-00C04F79EFBC}") = "AboHalalBackend", "AboHalalBackend\AboHalalBackend.csproj", "{7321A1AA-AF0F-4100-8469-D9757FEF762D}"
EndProject
Global
	GlobalSection(SolutionConfigurationPlatforms) = preSolution
		Debug|Any CPU = Debug|Any CPU
		Release|Any CPU = Release|Any CPU
	EndGlobalSection
	GlobalSection(ProjectConfigurationPlatforms) = postSolution
		{7321A1AA-AF0F-4100-8469-D9757FEF762D}.Debug|Any CPU.ActiveCfg = Debug|Any CPU
		{7321A1AA-AF0F-4100-8469-D9757FEF762D}.Debug|Any CPU.Build.0 = Debug|Any CPU
		{7321A1AA-AF0F-4100-8469-D9757FEF762D}.Release|Any CPU.ActiveCfg = Release|Any CPU
		{7321A1AA-AF0F-4100-8469-D9757FEF762D}.Release|Any CPU.Build.0 = Release|Any CPU
	EndGlobalSection
	GlobalSection(SolutionProperties) = preSolution
		HideSolutionNode = FALSE
	EndGlobalSection
	GlobalSection(ExtensibilityGlobals) = postSolution
		SolutionGuid = {BCF74A16-1787-4332-9877-C198ED936050}
	EndGlobalSection
EndGlobal
